
Microsoft Visual Studio Solution File, Format Version 12.00
# Visual Studio Version 16
VisualStudioVersion = 16.0.29209.62
MinimumVisualStudioVersion = 10.0.40219.1
Project("{8BC9CEB8-8B4A-11D0-8D11-00A0C91BC942}") = "SIPSorceryMedia", "SIPSorcery.Media.vcxproj", "{60CC689C-2616-441C-A38A-E1B764C7C446}"
EndProject
Project("{9A19103F-16F7-4668-BE54-9A1E7A4F7556}") = "SIPSorcery.RtpAVSession", "RtpAVSession\SIPSorcery.RtpAVSession.csproj", "{87FA73CD-DB81-4416-A6F6-523BBC061ADE}"
EndProject
Project("{9A19103F-16F7-4668-BE54-9A1E7A4F7556}") = "AudioScope", "AudioScope\AudioScope.csproj", "{7A715274-0F8F-4DE2-BA58-49AAA9C9310D}"
EndProject
Global
	GlobalSection(SolutionConfigurationPlatforms) = preSolution
		Debug|Any CPU = Debug|Any CPU
		Debug|Win32 = Debug|Win32
		Debug|x64 = Debug|x64
		Release|Any CPU = Release|Any CPU
		Release|Win32 = Release|Win32
		Release|x64 = Release|x64
	EndGlobalSection
	GlobalSection(ProjectConfigurationPlatforms) = postSolution
		{60CC689C-2616-441C-A38A-E1B764C7C446}.Debug|Any CPU.ActiveCfg = Debug|Win32
		{60CC689C-2616-441C-A38A-E1B764C7C446}.Debug|Win32.ActiveCfg = Debug|Win32
		{60CC689C-2616-441C-A38A-E1B764C7C446}.Debug|Win32.Build.0 = Debug|Win32
		{60CC689C-2616-441C-A38A-E1B764C7C446}.Debug|x64.ActiveCfg = Debug|x64
		{60CC689C-2616-441C-A38A-E1B764C7C446}.Debug|x64.Build.0 = Debug|x64
		{60CC689C-2616-441C-A38A-E1B764C7C446}.Release|Any CPU.ActiveCfg = Release|Win32
		{60CC689C-2616-441C-A38A-E1B764C7C446}.Release|Win32.ActiveCfg = Release|Win32
		{60CC689C-2616-441C-A38A-E1B764C7C446}.Release|Win32.Build.0 = Release|Win32
		{60CC689C-2616-441C-A38A-E1B764C7C446}.Release|x64.ActiveCfg = Release|x64
		{60CC689C-2616-441C-A38A-E1B764C7C446}.Release|x64.Build.0 = Release|x64
		{87FA73CD-DB81-4416-A6F6-523BBC061ADE}.Debug|Any CPU.ActiveCfg = Debug|Any CPU
		{87FA73CD-DB81-4416-A6F6-523BBC061ADE}.Debug|Any CPU.Build.0 = Debug|Any CPU
		{87FA73CD-DB81-4416-A6F6-523BBC061ADE}.Debug|Win32.ActiveCfg = Debug|x86
		{87FA73CD-DB81-4416-A6F6-523BBC061ADE}.Debug|Win32.Build.0 = Debug|x86
		{87FA73CD-DB81-4416-A6F6-523BBC061ADE}.Debug|x64.ActiveCfg = Debug|Any CPU
		{87FA73CD-DB81-4416-A6F6-523BBC061ADE}.Debug|x64.Build.0 = Debug|Any CPU
		{87FA73CD-DB81-4416-A6F6-523BBC061ADE}.Release|Any CPU.ActiveCfg = Release|Any CPU
		{87FA73CD-DB81-4416-A6F6-523BBC061ADE}.Release|Any CPU.Build.0 = Release|Any CPU
		{87FA73CD-DB81-4416-A6F6-523BBC061ADE}.Release|Win32.ActiveCfg = Release|x86
		{87FA73CD-DB81-4416-A6F6-523BBC061ADE}.Release|Win32.Build.0 = Release|x86
		{87FA73CD-DB81-4416-A6F6-523BBC061ADE}.Release|x64.ActiveCfg = Release|Any CPU
		{87FA73CD-DB81-4416-A6F6-523BBC061ADE}.Release|x64.Build.0 = Release|Any CPU
		{7A715274-0F8F-4DE2-BA58-49AAA9C9310D}.Debug|Any CPU.ActiveCfg = Debug|Any CPU
		{7A715274-0F8F-4DE2-BA58-49AAA9C9310D}.Debug|Any CPU.Build.0 = Debug|Any CPU
		{7A715274-0F8F-4DE2-BA58-49AAA9C9310D}.Debug|Win32.ActiveCfg = Debug|Any CPU
		{7A715274-0F8F-4DE2-BA58-49AAA9C9310D}.Debug|Win32.Build.0 = Debug|Any CPU
		{7A715274-0F8F-4DE2-BA58-49AAA9C9310D}.Debug|x64.ActiveCfg = Debug|Any CPU
		{7A715274-0F8F-4DE2-BA58-49AAA9C9310D}.Debug|x64.Build.0 = Debug|Any CPU
		{7A715274-0F8F-4DE2-BA58-49AAA9C9310D}.Release|Any CPU.ActiveCfg = Release|Any CPU
		{7A715274-0F8F-4DE2-BA58-49AAA9C9310D}.Release|Any CPU.Build.0 = Release|Any CPU
		{7A715274-0F8F-4DE2-BA58-49AAA9C9310D}.Release|Win32.ActiveCfg = Release|Any CPU
		{7A715274-0F8F-4DE2-BA58-49AAA9C9310D}.Release|Win32.Build.0 = Release|Any CPU
		{7A715274-0F8F-4DE2-BA58-49AAA9C9310D}.Release|x64.ActiveCfg = Release|Any CPU
		{7A715274-0F8F-4DE2-BA58-49AAA9C9310D}.Release|x64.Build.0 = Release|Any CPU
	EndGlobalSection
	GlobalSection(SolutionProperties) = preSolution
		HideSolutionNode = FALSE
	EndGlobalSection
	GlobalSection(ExtensibilityGlobals) = postSolution
		SolutionGuid = {BBA59FBB-9528-4434-BA2F-F32679A58D67}
	EndGlobalSection
EndGlobal
